
Microsoft Visual Studio Solution File, Format Version 12.00
# Visual Studio Version 17
VisualStudioVersion = 17.8.34525.116
MinimumVisualStudioVersion = 10.0.40219.1
Project("{2150E333-8FDC-42A3-9474-1A3956D46DE8}") = "src", "src", "{AE35492F-7290-4DA6-87CA-159513B9AB2A}"
EndProject
Project("{2150E333-8FDC-42A3-9474-1A3956D46DE8}") = "corePackeges", "corePackeges", "{F35787FF-6617-4802-95A1-CF421A33B80F}"
EndProject
Project("{2150E333-8FDC-42A3-9474-1A3956D46DE8}") = "webProjects", "webProjects", "{05500A6D-221A-4238-9D57-75B98BCAE89F}"
EndProject
Project("{9A19103F-16F7-4668-BE54-9A1E7A4F7556}") = "Core.Persistence", "src\corePackages\Core.Persistence\Core.Persistence.csproj", "{C59AEA90-3DB8-493B-99E9-34650377371E}"
EndProject
Project("{9A19103F-16F7-4668-BE54-9A1E7A4F7556}") = "Application", "src\webProjects\Application\Application.csproj", "{7708BE6F-A069-4C86-B297-2E953967B939}"
EndProject
Project("{9A19103F-16F7-4668-BE54-9A1E7A4F7556}") = "Domain", "src\webProjects\Domain\Domain.csproj", "{6E92BA3B-550C-45B6-B908-24E7FEA22AA4}"
EndProject
Project("{9A19103F-16F7-4668-BE54-9A1E7A4F7556}") = "Insfrastructure", "src\webProjects\Insfrastructure\Insfrastructure.csproj", "{F8EB5961-D59B-448D-9354-161C359AFB4E}"
EndProject
Project("{9A19103F-16F7-4668-BE54-9A1E7A4F7556}") = "Persistence", "src\webProjects\Persistence\Persistence.csproj", "{3C0F402E-6299-4D8C-8BB5-E313BB0E84E4}"
EndProject
Project("{9A19103F-16F7-4668-BE54-9A1E7A4F7556}") = "WebAPI", "src\webProjects\WebAPI\WebAPI.csproj", "{E5AE3BFA-E2A0-4010-A48F-090B0222EA04}"
EndProject
Project("{9A19103F-16F7-4668-BE54-9A1E7A4F7556}") = "Core.Application", "src\corePackages\Core.Application\Core.Application.csproj", "{E65BA402-B400-4692-80E4-99C393BFDB02}"
EndProject
Project("{9A19103F-16F7-4668-BE54-9A1E7A4F7556}") = "Core.CrossCutting", "src\corePackages\Core.CrossCutting\Core.CrossCutting.csproj", "{DDFFA51C-13B6-4883-8A82-083CEF13EC9E}"
EndProject
Project("{FAE04EC0-301F-11D3-BF4B-00C04F79EFBC}") = "Core.Security", "src\corePackages\Core.Security\Core.Security.csproj", "{EFF45334-1244-4413-9B2A-0487CA05017D}"
EndProject
Global
	GlobalSection(SolutionConfigurationPlatforms) = preSolution
		Debug|Any CPU = Debug|Any CPU
		Release|Any CPU = Release|Any CPU
	EndGlobalSection
	GlobalSection(ProjectConfigurationPlatforms) = postSolution
		{C59AEA90-3DB8-493B-99E9-34650377371E}.Debug|Any CPU.ActiveCfg = Debug|Any CPU
		{C59AEA90-3DB8-493B-99E9-34650377371E}.Debug|Any CPU.Build.0 = Debug|Any CPU
		{C59AEA90-3DB8-493B-99E9-34650377371E}.Release|Any CPU.ActiveCfg = Release|Any CPU
		{C59AEA90-3DB8-493B-99E9-34650377371E}.Release|Any CPU.Build.0 = Release|Any CPU
		{7708BE6F-A069-4C86-B297-2E953967B939}.Debug|Any CPU.ActiveCfg = Debug|Any CPU
		{7708BE6F-A069-4C86-B297-2E953967B939}.Debug|Any CPU.Build.0 = Debug|Any CPU
		{7708BE6F-A069-4C86-B297-2E953967B939}.Release|Any CPU.ActiveCfg = Release|Any CPU
		{7708BE6F-A069-4C86-B297-2E953967B939}.Release|Any CPU.Build.0 = Release|Any CPU
		{6E92BA3B-550C-45B6-B908-24E7FEA22AA4}.Debug|Any CPU.ActiveCfg = Debug|Any CPU
		{6E92BA3B-550C-45B6-B908-24E7FEA22AA4}.Debug|Any CPU.Build.0 = Debug|Any CPU
		{6E92BA3B-550C-45B6-B908-24E7FEA22AA4}.Release|Any CPU.ActiveCfg = Release|Any CPU
		{6E92BA3B-550C-45B6-B908-24E7FEA22AA4}.Release|Any CPU.Build.0 = Release|Any CPU
		{F8EB5961-D59B-448D-9354-161C359AFB4E}.Debug|Any CPU.ActiveCfg = Debug|Any CPU
		{F8EB5961-D59B-448D-9354-161C359AFB4E}.Debug|Any CPU.Build.0 = Debug|Any CPU
		{F8EB5961-D59B-448D-9354-161C359AFB4E}.Release|Any CPU.ActiveCfg = Release|Any CPU
		{F8EB5961-D59B-448D-9354-161C359AFB4E}.Release|Any CPU.Build.0 = Release|Any CPU
		{3C0F402E-6299-4D8C-8BB5-E313BB0E84E4}.Debug|Any CPU.ActiveCfg = Debug|Any CPU
		{3C0F402E-6299-4D8C-8BB5-E313BB0E84E4}.Debug|Any CPU.Build.0 = Debug|Any CPU
		{3C0F402E-6299-4D8C-8BB5-E313BB0E84E4}.Release|Any CPU.ActiveCfg = Release|Any CPU
		{3C0F402E-6299-4D8C-8BB5-E313BB0E84E4}.Release|Any CPU.Build.0 = Release|Any CPU
		{E5AE3BFA-E2A0-4010-A48F-090B0222EA04}.Debug|Any CPU.ActiveCfg = Debug|Any CPU
		{E5AE3BFA-E2A0-4010-A48F-090B0222EA04}.Debug|Any CPU.Build.0 = Debug|Any CPU
		{E5AE3BFA-E2A0-4010-A48F-090B0222EA04}.Release|Any CPU.ActiveCfg = Release|Any CPU
		{E5AE3BFA-E2A0-4010-A48F-090B0222EA04}.Release|Any CPU.Build.0 = Release|Any CPU
		{E65BA402-B400-4692-80E4-99C393BFDB02}.Debug|Any CPU.ActiveCfg = Debug|Any CPU
		{E65BA402-B400-4692-80E4-99C393BFDB02}.Debug|Any CPU.Build.0 = Debug|Any CPU
		{E65BA402-B400-4692-80E4-99C393BFDB02}.Release|Any CPU.ActiveCfg = Release|Any CPU
		{E65BA402-B400-4692-80E4-99C393BFDB02}.Release|Any CPU.Build.0 = Release|Any CPU
		{DDFFA51C-13B6-4883-8A82-083CEF13EC9E}.Debug|Any CPU.ActiveCfg = Debug|Any CPU
		{DDFFA51C-13B6-4883-8A82-083CEF13EC9E}.Debug|Any CPU.Build.0 = Debug|Any CPU
		{DDFFA51C-13B6-4883-8A82-083CEF13EC9E}.Release|Any CPU.ActiveCfg = Release|Any CPU
		{DDFFA51C-13B6-4883-8A82-083CEF13EC9E}.Release|Any CPU.Build.0 = Release|Any CPU
		{EFF45334-1244-4413-9B2A-0487CA05017D}.Debug|Any CPU.ActiveCfg = Debug|Any CPU
		{EFF45334-1244-4413-9B2A-0487CA05017D}.Debug|Any CPU.Build.0 = Debug|Any CPU
		{EFF45334-1244-4413-9B2A-0487CA05017D}.Release|Any CPU.ActiveCfg = Release|Any CPU
		{EFF45334-1244-4413-9B2A-0487CA05017D}.Release|Any CPU.Build.0 = Release|Any CPU
	EndGlobalSection
	GlobalSection(SolutionProperties) = preSolution
		HideSolutionNode = FALSE
	EndGlobalSection
	GlobalSection(NestedProjects) = preSolution
		{F35787FF-6617-4802-95A1-CF421A33B80F} = {AE35492F-7290-4DA6-87CA-159513B9AB2A}
		{05500A6D-221A-4238-9D57-75B98BCAE89F} = {AE35492F-7290-4DA6-87CA-159513B9AB2A}
		{C59AEA90-3DB8-493B-99E9-34650377371E} = {F35787FF-6617-4802-95A1-CF421A33B80F}
		{7708BE6F-A069-4C86-B297-2E953967B939} = {05500A6D-221A-4238-9D57-75B98BCAE89F}
		{6E92BA3B-550C-45B6-B908-24E7FEA22AA4} = {05500A6D-221A-4238-9D57-75B98BCAE89F}
		{F8EB5961-D59B-448D-9354-161C359AFB4E} = {05500A6D-221A-4238-9D57-75B98BCAE89F}
		{3C0F402E-6299-4D8C-8BB5-E313BB0E84E4} = {05500A6D-221A-4238-9D57-75B98BCAE89F}
		{E5AE3BFA-E2A0-4010-A48F-090B0222EA04} = {05500A6D-221A-4238-9D57-75B98BCAE89F}
		{E65BA402-B400-4692-80E4-99C393BFDB02} = {F35787FF-6617-4802-95A1-CF421A33B80F}
		{DDFFA51C-13B6-4883-8A82-083CEF13EC9E} = {F35787FF-6617-4802-95A1-CF421A33B80F}
		{EFF45334-1244-4413-9B2A-0487CA05017D} = {F35787FF-6617-4802-95A1-CF421A33B80F}
	EndGlobalSection
	GlobalSection(ExtensibilityGlobals) = postSolution
		SolutionGuid = {C6735AA6-7DAE-404D-9527-E282D23EF83B}
	EndGlobalSection
EndGlobal
